
Microsoft Visual Studio Solution File, Format Version 12.00
# Visual Studio Version 16
VisualStudioVersion = 16.0.29728.190
MinimumVisualStudioVersion = 10.0.40219.1
Project("{FAE04EC0-301F-11D3-BF4B-00C04F79EFBC}") = "BotTelegram", "BotTelegram\BotTelegram.csproj", "{C355A804-7291-430F-8440-FC83CB841715}"
EndProject
Global
	GlobalSection(SolutionConfigurationPlatforms) = preSolution
		Debug|Any CPU = Debug|Any CPU
		Release|Any CPU = Release|Any CPU
	EndGlobalSection
	GlobalSection(ProjectConfigurationPlatforms) = postSolution
		{C355A804-7291-430F-8440-FC83CB841715}.Debug|Any CPU.ActiveCfg = Debug|Any CPU
		{C355A804-7291-430F-8440-FC83CB841715}.Debug|Any CPU.Build.0 = Debug|Any CPU
		{C355A804-7291-430F-8440-FC83CB841715}.Release|Any CPU.ActiveCfg = Release|Any CPU
		{C355A804-7291-430F-8440-FC83CB841715}.Release|Any CPU.Build.0 = Release|Any CPU
	EndGlobalSection
	GlobalSection(SolutionProperties) = preSolution
		HideSolutionNode = FALSE
	EndGlobalSection
	GlobalSection(ExtensibilityGlobals) = postSolution
		SolutionGuid = {24152913-715A-4402-A6C4-90F7737EED95}
	EndGlobalSection
EndGlobal
